// !$*UTF8*$!
{
	archiveVersion = 1;
	classes = {
	};
	objectVersion = 56;
	objects = {

/* Begin PBXBuildFile section */
		CA2D1CC929EE8A7A00F7070D /* WorkoutTrackerApp.swift in Sources */ = {isa = PBXBuildFile; fileRef = CA2D1CC829EE8A7A00F7070D /* WorkoutTrackerApp.swift */; };
		CA2D1CCD29EE8A7A00F7070D /* MainView.swift in Sources */ = {isa = PBXBuildFile; fileRef = CA2D1CCC29EE8A7A00F7070D /* MainView.swift */; };
		CA2D1CCF29EE8A7C00F7070D /* Assets.xcassets in Resources */ = {isa = PBXBuildFile; fileRef = CA2D1CCE29EE8A7C00F7070D /* Assets.xcassets */; };
		CA2D1CD229EE8A7C00F7070D /* Preview Assets.xcassets in Resources */ = {isa = PBXBuildFile; fileRef = CA2D1CD129EE8A7C00F7070D /* Preview Assets.xcassets */; };
		CA2D1CDA29EE8E9B00F7070D /* WorkoutView.swift in Sources */ = {isa = PBXBuildFile; fileRef = CA2D1CD929EE8E9B00F7070D /* WorkoutView.swift */; };
		CA2D1CDC29EE90E200F7070D /* LogWorkoutView.swift in Sources */ = {isa = PBXBuildFile; fileRef = CA2D1CDB29EE90E200F7070D /* LogWorkoutView.swift */; };
		CA2D1CDE29EE999A00F7070D /* StatisticsView.swift in Sources */ = {isa = PBXBuildFile; fileRef = CA2D1CDD29EE999A00F7070D /* StatisticsView.swift */; };
		CA2D1CE029EE9B0800F7070D /* AboutView.swift in Sources */ = {isa = PBXBuildFile; fileRef = CA2D1CDF29EE9B0800F7070D /* AboutView.swift */; };
		CA2D1CE229EECECC00F7070D /* SettingsView.swift in Sources */ = {isa = PBXBuildFile; fileRef = CA2D1CE129EECECC00F7070D /* SettingsView.swift */; };
		CA2D1CE429EF042800F7070D /* SettingViewModel.swift in Sources */ = {isa = PBXBuildFile; fileRef = CA2D1CE329EF042800F7070D /* SettingViewModel.swift */; };
		CA2D1CE629EF052D00F7070D /* SettingModel.swift in Sources */ = {isa = PBXBuildFile; fileRef = CA2D1CE529EF052D00F7070D /* SettingModel.swift */; };
		CA73E5A82A0D3529002E8513 /* GoodCache in Frameworks */ = {isa = PBXBuildFile; productRef = CA73E5A72A0D3529002E8513 /* GoodCache */; };
		CA73E5AA2A0D3529002E8513 /* GoodCombineExtensions in Frameworks */ = {isa = PBXBuildFile; productRef = CA73E5A92A0D3529002E8513 /* GoodCombineExtensions */; };
		CA73E5AC2A0D3529002E8513 /* GoodExtensions in Frameworks */ = {isa = PBXBuildFile; productRef = CA73E5AB2A0D3529002E8513 /* GoodExtensions */; };
		CA73E5AE2A0D3529002E8513 /* GoodReactor in Frameworks */ = {isa = PBXBuildFile; productRef = CA73E5AD2A0D3529002E8513 /* GoodReactor */; };
		CA73E5B02A0D3529002E8513 /* GoodRequestManager in Frameworks */ = {isa = PBXBuildFile; productRef = CA73E5AF2A0D3529002E8513 /* GoodRequestManager */; };
		CA73E5B22A0D3529002E8513 /* GoodStructs in Frameworks */ = {isa = PBXBuildFile; productRef = CA73E5B12A0D3529002E8513 /* GoodStructs */; };
		CA73E5B42A0D3529002E8513 /* Mockable in Frameworks */ = {isa = PBXBuildFile; productRef = CA73E5B32A0D3529002E8513 /* Mockable */; };
		CA73E5B82A0E237F002E8513 /* ExercisesModel.swift in Sources */ = {isa = PBXBuildFile; fileRef = CA73E5B72A0E237F002E8513 /* ExercisesModel.swift */; };
		CA73E5BE2A0E2F76002E8513 /* AppError.swift in Sources */ = {isa = PBXBuildFile; fileRef = CA73E5BD2A0E2F76002E8513 /* AppError.swift */; };
		CAD8CEF129F7D00D0015DBFC /* LogWorkoutViewModel.swift in Sources */ = {isa = PBXBuildFile; fileRef = CAD8CEF029F7D00D0015DBFC /* LogWorkoutViewModel.swift */; };
		CAD8CEF329F9450C0015DBFC /* AddExerciseView.swift in Sources */ = {isa = PBXBuildFile; fileRef = CAD8CEF229F9450C0015DBFC /* AddExerciseView.swift */; };
		CADE3E1D29FAA7D6003FC992 /* AddExerciseViewModel.swift in Sources */ = {isa = PBXBuildFile; fileRef = CADE3E1C29FAA7D6003FC992 /* AddExerciseViewModel.swift */; };
		CADE3E2129FC369E003FC992 /* CreateExerciseView.swift in Sources */ = {isa = PBXBuildFile; fileRef = CADE3E2029FC369E003FC992 /* CreateExerciseView.swift */; };
		CADE3E2329FCE5D6003FC992 /* CreateExerciseViewModel.swift in Sources */ = {isa = PBXBuildFile; fileRef = CADE3E2229FCE5D6003FC992 /* CreateExerciseViewModel.swift */; };
		CADE3E2629FEDB32003FC992 /* GoodPersistence in Frameworks */ = {isa = PBXBuildFile; productRef = CADE3E2529FEDB32003FC992 /* GoodPersistence */; };
		CADE3E2829FF9C87003FC992 /* CacheManager.swift in Sources */ = {isa = PBXBuildFile; fileRef = CADE3E2729FF9C87003FC992 /* CacheManager.swift */; };
		CADE3E2A29FFA530003FC992 /* Constants.swift in Sources */ = {isa = PBXBuildFile; fileRef = CADE3E2929FFA530003FC992 /* Constants.swift */; };
		CADE3E2C29FFD4BE003FC992 /* WorkoutViewModel.swift in Sources */ = {isa = PBXBuildFile; fileRef = CADE3E2B29FFD4BE003FC992 /* WorkoutViewModel.swift */; };
		CADE3E3D2A00FC28003FC992 /* StatisticsViewModel.swift in Sources */ = {isa = PBXBuildFile; fileRef = CADE3E3C2A00FC28003FC992 /* StatisticsViewModel.swift */; };
		CADE3E3F2A00FE98003FC992 /* ExerciseStatsView.swift in Sources */ = {isa = PBXBuildFile; fileRef = CADE3E3E2A00FE98003FC992 /* ExerciseStatsView.swift */; };
		CADE3E412A013A41003FC992 /* ExerciseStatsViewModel.swift in Sources */ = {isa = PBXBuildFile; fileRef = CADE3E402A013A41003FC992 /* ExerciseStatsViewModel.swift */; };
		CADE3E4A2A018429003FC992 /* SwiftUICharts in Frameworks */ = {isa = PBXBuildFile; productRef = CADE3E492A018429003FC992 /* SwiftUICharts */; };
		CAF581162A0A1A820077531C /* RequestManager.swift in Sources */ = {isa = PBXBuildFile; fileRef = CAF581152A0A1A820077531C /* RequestManager.swift */; };
		CAF581192A0A1BF80077531C /* AlamofireImage in Frameworks */ = {isa = PBXBuildFile; productRef = CAF581182A0A1BF80077531C /* AlamofireImage */; };
		CAF581232A0A1E260077531C /* EndPoint.swift in Sources */ = {isa = PBXBuildFile; fileRef = CAF581222A0A1E260077531C /* EndPoint.swift */; };
		CAF581252A0A22D20077531C /* RequestManagerType.swift in Sources */ = {isa = PBXBuildFile; fileRef = CAF581242A0A22D20077531C /* RequestManagerType.swift */; };
		CAF581272A0D1E4B0077531C /* AboutViewModel.swift in Sources */ = {isa = PBXBuildFile; fileRef = CAF581262A0D1E4B0077531C /* AboutViewModel.swift */; };
		CAF58EFE2A100F7000B540BB /* NavigationLinkLazyView.swift in Sources */ = {isa = PBXBuildFile; fileRef = CAF58EFD2A100F7000B540BB /* NavigationLinkLazyView.swift */; };
		CAF58F002A11659C00B540BB /* PageModel.swift in Sources */ = {isa = PBXBuildFile; fileRef = CAF58EFF2A11659C00B540BB /* PageModel.swift */; };
/* End PBXBuildFile section */

/* Begin PBXFileReference section */
		CA2D1CC529EE8A7A00F7070D /* WorkoutTracker.app */ = {isa = PBXFileReference; explicitFileType = wrapper.application; includeInIndex = 0; path = WorkoutTracker.app; sourceTree = BUILT_PRODUCTS_DIR; };
		CA2D1CC829EE8A7A00F7070D /* WorkoutTrackerApp.swift */ = {isa = PBXFileReference; lastKnownFileType = sourcecode.swift; path = WorkoutTrackerApp.swift; sourceTree = "<group>"; };
		CA2D1CCC29EE8A7A00F7070D /* MainView.swift */ = {isa = PBXFileReference; lastKnownFileType = sourcecode.swift; path = MainView.swift; sourceTree = "<group>"; };
		CA2D1CCE29EE8A7C00F7070D /* Assets.xcassets */ = {isa = PBXFileReference; lastKnownFileType = folder.assetcatalog; path = Assets.xcassets; sourceTree = "<group>"; };
		CA2D1CD129EE8A7C00F7070D /* Preview Assets.xcassets */ = {isa = PBXFileReference; lastKnownFileType = folder.assetcatalog; path = "Preview Assets.xcassets"; sourceTree = "<group>"; };
		CA2D1CD329EE8A7C00F7070D /* Info.plist */ = {isa = PBXFileReference; lastKnownFileType = text.plist.xml; path = Info.plist; sourceTree = "<group>"; };
		CA2D1CD929EE8E9B00F7070D /* WorkoutView.swift */ = {isa = PBXFileReference; lastKnownFileType = sourcecode.swift; path = WorkoutView.swift; sourceTree = "<group>"; };
		CA2D1CDB29EE90E200F7070D /* LogWorkoutView.swift */ = {isa = PBXFileReference; lastKnownFileType = sourcecode.swift; path = LogWorkoutView.swift; sourceTree = "<group>"; };
		CA2D1CDD29EE999A00F7070D /* StatisticsView.swift */ = {isa = PBXFileReference; lastKnownFileType = sourcecode.swift; path = StatisticsView.swift; sourceTree = "<group>"; };
		CA2D1CDF29EE9B0800F7070D /* AboutView.swift */ = {isa = PBXFileReference; lastKnownFileType = sourcecode.swift; path = AboutView.swift; sourceTree = "<group>"; };
		CA2D1CE129EECECC00F7070D /* SettingsView.swift */ = {isa = PBXFileReference; lastKnownFileType = sourcecode.swift; path = SettingsView.swift; sourceTree = "<group>"; };
		CA2D1CE329EF042800F7070D /* SettingViewModel.swift */ = {isa = PBXFileReference; lastKnownFileType = sourcecode.swift; path = SettingViewModel.swift; sourceTree = "<group>"; };
		CA2D1CE529EF052D00F7070D /* SettingModel.swift */ = {isa = PBXFileReference; lastKnownFileType = sourcecode.swift; path = SettingModel.swift; sourceTree = "<group>"; };
		CA73E5B72A0E237F002E8513 /* ExercisesModel.swift */ = {isa = PBXFileReference; lastKnownFileType = sourcecode.swift; path = ExercisesModel.swift; sourceTree = "<group>"; };
		CA73E5BD2A0E2F76002E8513 /* AppError.swift */ = {isa = PBXFileReference; lastKnownFileType = sourcecode.swift; path = AppError.swift; sourceTree = "<group>"; };
		CAD8CEF029F7D00D0015DBFC /* LogWorkoutViewModel.swift */ = {isa = PBXFileReference; lastKnownFileType = sourcecode.swift; path = LogWorkoutViewModel.swift; sourceTree = "<group>"; };
		CAD8CEF229F9450C0015DBFC /* AddExerciseView.swift */ = {isa = PBXFileReference; lastKnownFileType = sourcecode.swift; path = AddExerciseView.swift; sourceTree = "<group>"; };
		CADE3E1C29FAA7D6003FC992 /* AddExerciseViewModel.swift */ = {isa = PBXFileReference; lastKnownFileType = sourcecode.swift; path = AddExerciseViewModel.swift; sourceTree = "<group>"; };
		CADE3E2029FC369E003FC992 /* CreateExerciseView.swift */ = {isa = PBXFileReference; lastKnownFileType = sourcecode.swift; path = CreateExerciseView.swift; sourceTree = "<group>"; };
		CADE3E2229FCE5D6003FC992 /* CreateExerciseViewModel.swift */ = {isa = PBXFileReference; lastKnownFileType = sourcecode.swift; path = CreateExerciseViewModel.swift; sourceTree = "<group>"; };
		CADE3E2729FF9C87003FC992 /* CacheManager.swift */ = {isa = PBXFileReference; lastKnownFileType = sourcecode.swift; path = CacheManager.swift; sourceTree = "<group>"; };
		CADE3E2929FFA530003FC992 /* Constants.swift */ = {isa = PBXFileReference; lastKnownFileType = sourcecode.swift; path = Constants.swift; sourceTree = "<group>"; };
		CADE3E2B29FFD4BE003FC992 /* WorkoutViewModel.swift */ = {isa = PBXFileReference; lastKnownFileType = sourcecode.swift; path = WorkoutViewModel.swift; sourceTree = "<group>"; };
		CADE3E3C2A00FC28003FC992 /* StatisticsViewModel.swift */ = {isa = PBXFileReference; lastKnownFileType = sourcecode.swift; path = StatisticsViewModel.swift; sourceTree = "<group>"; };
		CADE3E3E2A00FE98003FC992 /* ExerciseStatsView.swift */ = {isa = PBXFileReference; lastKnownFileType = sourcecode.swift; path = ExerciseStatsView.swift; sourceTree = "<group>"; };
		CADE3E402A013A41003FC992 /* ExerciseStatsViewModel.swift */ = {isa = PBXFileReference; lastKnownFileType = sourcecode.swift; path = ExerciseStatsViewModel.swift; sourceTree = "<group>"; };
		CAF581152A0A1A820077531C /* RequestManager.swift */ = {isa = PBXFileReference; lastKnownFileType = sourcecode.swift; path = RequestManager.swift; sourceTree = "<group>"; };
		CAF581222A0A1E260077531C /* EndPoint.swift */ = {isa = PBXFileReference; lastKnownFileType = sourcecode.swift; path = EndPoint.swift; sourceTree = "<group>"; };
		CAF581242A0A22D20077531C /* RequestManagerType.swift */ = {isa = PBXFileReference; lastKnownFileType = sourcecode.swift; path = RequestManagerType.swift; sourceTree = "<group>"; };
		CAF581262A0D1E4B0077531C /* AboutViewModel.swift */ = {isa = PBXFileReference; lastKnownFileType = sourcecode.swift; path = AboutViewModel.swift; sourceTree = "<group>"; };
		CAF58EFD2A100F7000B540BB /* NavigationLinkLazyView.swift */ = {isa = PBXFileReference; lastKnownFileType = sourcecode.swift; path = NavigationLinkLazyView.swift; sourceTree = "<group>"; };
		CAF58EFF2A11659C00B540BB /* PageModel.swift */ = {isa = PBXFileReference; lastKnownFileType = sourcecode.swift; path = PageModel.swift; sourceTree = "<group>"; };
/* End PBXFileReference section */

/* Begin PBXFrameworksBuildPhase section */
		CA2D1CC229EE8A7A00F7070D /* Frameworks */ = {
			isa = PBXFrameworksBuildPhase;
			buildActionMask = 2147483647;
			files = (
				CA73E5AA2A0D3529002E8513 /* GoodCombineExtensions in Frameworks */,
				CA73E5AC2A0D3529002E8513 /* GoodExtensions in Frameworks */,
				CA73E5AE2A0D3529002E8513 /* GoodReactor in Frameworks */,
				CADE3E2629FEDB32003FC992 /* GoodPersistence in Frameworks */,
				CA73E5B42A0D3529002E8513 /* Mockable in Frameworks */,
				CADE3E4A2A018429003FC992 /* SwiftUICharts in Frameworks */,
				CA73E5B22A0D3529002E8513 /* GoodStructs in Frameworks */,
				CA73E5A82A0D3529002E8513 /* GoodCache in Frameworks */,
				CAF581192A0A1BF80077531C /* AlamofireImage in Frameworks */,
				CA73E5B02A0D3529002E8513 /* GoodRequestManager in Frameworks */,
			);
			runOnlyForDeploymentPostprocessing = 0;
		};
/* End PBXFrameworksBuildPhase section */

/* Begin PBXGroup section */
		CA2D1CBC29EE8A7A00F7070D = {
			isa = PBXGroup;
			children = (
				CA2D1CC729EE8A7A00F7070D /* WorkoutTracker */,
				CA2D1CC629EE8A7A00F7070D /* Products */,
			);
			sourceTree = "<group>";
		};
		CA2D1CC629EE8A7A00F7070D /* Products */ = {
			isa = PBXGroup;
			children = (
				CA2D1CC529EE8A7A00F7070D /* WorkoutTracker.app */,
			);
			name = Products;
			sourceTree = "<group>";
		};
		CA2D1CC729EE8A7A00F7070D /* WorkoutTracker */ = {
			isa = PBXGroup;
			children = (
				CA73E5C92A0E3443002E8513 /* Models */,
				CA73E5C22A0E331C002E8513 /* App */,
				CA73E5BF2A0E31C6002E8513 /* Screens */,
				CA73E5B92A0E2E28002E8513 /* Managers */,
				CA73E5BC2A0E2F53002E8513 /* Helpers */,
				CA2D1CCE29EE8A7C00F7070D /* Assets.xcassets */,
				CA2D1CD329EE8A7C00F7070D /* Info.plist */,
				CA2D1CD029EE8A7C00F7070D /* Preview Content */,
			);
			path = WorkoutTracker;
			sourceTree = "<group>";
		};
		CA2D1CD029EE8A7C00F7070D /* Preview Content */ = {
			isa = PBXGroup;
			children = (
				CA2D1CD129EE8A7C00F7070D /* Preview Assets.xcassets */,
			);
			path = "Preview Content";
			sourceTree = "<group>";
		};
		CA73E5B92A0E2E28002E8513 /* Managers */ = {
			isa = PBXGroup;
			children = (
				CA73E5BB2A0E2EC3002E8513 /* CacheManager */,
				CA73E5BA2A0E2E6B002E8513 /* RequestManager */,
			);
			path = Managers;
			sourceTree = "<group>";
		};
		CA73E5BA2A0E2E6B002E8513 /* RequestManager */ = {
			isa = PBXGroup;
			children = (
				CAF581152A0A1A820077531C /* RequestManager.swift */,
				CAF581242A0A22D20077531C /* RequestManagerType.swift */,
				CAF581222A0A1E260077531C /* EndPoint.swift */,
			);
			path = RequestManager;
			sourceTree = "<group>";
		};
		CA73E5BB2A0E2EC3002E8513 /* CacheManager */ = {
			isa = PBXGroup;
			children = (
				CADE3E2729FF9C87003FC992 /* CacheManager.swift */,
			);
			path = CacheManager;
			sourceTree = "<group>";
		};
		CA73E5BC2A0E2F53002E8513 /* Helpers */ = {
			isa = PBXGroup;
			children = (
				CADE3E2929FFA530003FC992 /* Constants.swift */,
				CA73E5BD2A0E2F76002E8513 /* AppError.swift */,
				CAF58EFD2A100F7000B540BB /* NavigationLinkLazyView.swift */,
			);
			path = Helpers;
			sourceTree = "<group>";
		};
		CA73E5BF2A0E31C6002E8513 /* Screens */ = {
			isa = PBXGroup;
			children = (
				CA73E5C82A0E3422002E8513 /* ExerciseStats */,
				CA73E5C72A0E3408002E8513 /* CreateExercise */,
				CA73E5C62A0E33C3002E8513 /* Settings */,
				CA73E5C52A0E338F002E8513 /* About */,
				CA73E5C42A0E335F002E8513 /* Statistics */,
				CA73E5C32A0E3331002E8513 /* LogWorkout */,
				CA73E5C02A0E324B002E8513 /* AddExercise */,
				CA73E5C12A0E3260002E8513 /* Workout */,
			);
			path = Screens;
			sourceTree = "<group>";
		};
		CA73E5C02A0E324B002E8513 /* AddExercise */ = {
			isa = PBXGroup;
			children = (
				CAD8CEF229F9450C0015DBFC /* AddExerciseView.swift */,
				CADE3E1C29FAA7D6003FC992 /* AddExerciseViewModel.swift */,
			);
			path = AddExercise;
			sourceTree = "<group>";
		};
		CA73E5C12A0E3260002E8513 /* Workout */ = {
			isa = PBXGroup;
			children = (
				CA2D1CD929EE8E9B00F7070D /* WorkoutView.swift */,
				CADE3E2B29FFD4BE003FC992 /* WorkoutViewModel.swift */,
			);
			path = Workout;
			sourceTree = "<group>";
		};
		CA73E5C22A0E331C002E8513 /* App */ = {
			isa = PBXGroup;
			children = (
				CA2D1CCC29EE8A7A00F7070D /* MainView.swift */,
				CA2D1CC829EE8A7A00F7070D /* WorkoutTrackerApp.swift */,
			);
			path = App;
			sourceTree = "<group>";
		};
		CA73E5C32A0E3331002E8513 /* LogWorkout */ = {
			isa = PBXGroup;
			children = (
				CA2D1CDB29EE90E200F7070D /* LogWorkoutView.swift */,
				CAD8CEF029F7D00D0015DBFC /* LogWorkoutViewModel.swift */,
			);
			path = LogWorkout;
			sourceTree = "<group>";
		};
		CA73E5C42A0E335F002E8513 /* Statistics */ = {
			isa = PBXGroup;
			children = (
				CA2D1CDD29EE999A00F7070D /* StatisticsView.swift */,
				CADE3E3C2A00FC28003FC992 /* StatisticsViewModel.swift */,
			);
			path = Statistics;
			sourceTree = "<group>";
		};
		CA73E5C52A0E338F002E8513 /* About */ = {
			isa = PBXGroup;
			children = (
				CA2D1CDF29EE9B0800F7070D /* AboutView.swift */,
				CAF581262A0D1E4B0077531C /* AboutViewModel.swift */,
			);
			path = About;
			sourceTree = "<group>";
		};
		CA73E5C62A0E33C3002E8513 /* Settings */ = {
			isa = PBXGroup;
			children = (
				CA2D1CE329EF042800F7070D /* SettingViewModel.swift */,
				CA2D1CE529EF052D00F7070D /* SettingModel.swift */,
				CA2D1CE129EECECC00F7070D /* SettingsView.swift */,
			);
			path = Settings;
			sourceTree = "<group>";
		};
		CA73E5C72A0E3408002E8513 /* CreateExercise */ = {
			isa = PBXGroup;
			children = (
				CADE3E2029FC369E003FC992 /* CreateExerciseView.swift */,
				CADE3E2229FCE5D6003FC992 /* CreateExerciseViewModel.swift */,
			);
			path = CreateExercise;
			sourceTree = "<group>";
		};
		CA73E5C82A0E3422002E8513 /* ExerciseStats */ = {
			isa = PBXGroup;
			children = (
				CADE3E3E2A00FE98003FC992 /* ExerciseStatsView.swift */,
				CADE3E402A013A41003FC992 /* ExerciseStatsViewModel.swift */,
			);
			path = ExerciseStats;
			sourceTree = "<group>";
		};
		CA73E5C92A0E3443002E8513 /* Models */ = {
			isa = PBXGroup;
			children = (
				CA73E5B72A0E237F002E8513 /* ExercisesModel.swift */,
				CAF58EFF2A11659C00B540BB /* PageModel.swift */,
			);
			path = Models;
			sourceTree = "<group>";
		};
/* End PBXGroup section */

/* Begin PBXNativeTarget section */
		CA2D1CC429EE8A7A00F7070D /* WorkoutTracker */ = {
			isa = PBXNativeTarget;
			buildConfigurationList = CA2D1CD629EE8A7C00F7070D /* Build configuration list for PBXNativeTarget "WorkoutTracker" */;
			buildPhases = (
				CA2D1CC129EE8A7A00F7070D /* Sources */,
				CA2D1CC229EE8A7A00F7070D /* Frameworks */,
				CA2D1CC329EE8A7A00F7070D /* Resources */,
			);
			buildRules = (
			);
			dependencies = (
			);
			name = WorkoutTracker;
			packageProductDependencies = (
				CADE3E2529FEDB32003FC992 /* GoodPersistence */,
				CADE3E492A018429003FC992 /* SwiftUICharts */,
				CAF581182A0A1BF80077531C /* AlamofireImage */,
				CA73E5A72A0D3529002E8513 /* GoodCache */,
				CA73E5A92A0D3529002E8513 /* GoodCombineExtensions */,
				CA73E5AB2A0D3529002E8513 /* GoodExtensions */,
				CA73E5AD2A0D3529002E8513 /* GoodReactor */,
				CA73E5AF2A0D3529002E8513 /* GoodRequestManager */,
				CA73E5B12A0D3529002E8513 /* GoodStructs */,
				CA73E5B32A0D3529002E8513 /* Mockable */,
			);
			productName = WorkoutTracker;
			productReference = CA2D1CC529EE8A7A00F7070D /* WorkoutTracker.app */;
			productType = "com.apple.product-type.application";
		};
/* End PBXNativeTarget section */

/* Begin PBXProject section */
		CA2D1CBD29EE8A7A00F7070D /* Project object */ = {
			isa = PBXProject;
			attributes = {
				BuildIndependentTargetsInParallel = 1;
				LastSwiftUpdateCheck = 1430;
				LastUpgradeCheck = 1430;
				TargetAttributes = {
					CA2D1CC429EE8A7A00F7070D = {
						CreatedOnToolsVersion = 14.3;
					};
				};
			};
			buildConfigurationList = CA2D1CC029EE8A7A00F7070D /* Build configuration list for PBXProject "WorkoutTracker" */;
			compatibilityVersion = "Xcode 14.0";
			developmentRegion = en;
			hasScannedForEncodings = 0;
			knownRegions = (
				en,
				Base,
			);
			mainGroup = CA2D1CBC29EE8A7A00F7070D;
			packageReferences = (
				CADE3E2429FEDB32003FC992 /* XCRemoteSwiftPackageReference "GoodPersistence" */,
				CADE3E482A018429003FC992 /* XCRemoteSwiftPackageReference "ChartView" */,
				CAF581172A0A1BF80077531C /* XCRemoteSwiftPackageReference "AlamofireImage" */,
				CA73E5A62A0D3529002E8513 /* XCRemoteSwiftPackageReference "GoodIOSExtensions" */,
			);
			productRefGroup = CA2D1CC629EE8A7A00F7070D /* Products */;
			projectDirPath = "";
			projectRoot = "";
			targets = (
				CA2D1CC429EE8A7A00F7070D /* WorkoutTracker */,
			);
		};
/* End PBXProject section */

/* Begin PBXResourcesBuildPhase section */
		CA2D1CC329EE8A7A00F7070D /* Resources */ = {
			isa = PBXResourcesBuildPhase;
			buildActionMask = 2147483647;
			files = (
				CA2D1CD229EE8A7C00F7070D /* Preview Assets.xcassets in Resources */,
				CA2D1CCF29EE8A7C00F7070D /* Assets.xcassets in Resources */,
			);
			runOnlyForDeploymentPostprocessing = 0;
		};
/* End PBXResourcesBuildPhase section */

/* Begin PBXSourcesBuildPhase section */
		CA2D1CC129EE8A7A00F7070D /* Sources */ = {
			isa = PBXSourcesBuildPhase;
			buildActionMask = 2147483647;
			files = (
				CADE3E2329FCE5D6003FC992 /* CreateExerciseViewModel.swift in Sources */,
				CADE3E2A29FFA530003FC992 /* Constants.swift in Sources */,
				CA2D1CE229EECECC00F7070D /* SettingsView.swift in Sources */,
				CA73E5B82A0E237F002E8513 /* ExercisesModel.swift in Sources */,
				CA73E5BE2A0E2F76002E8513 /* AppError.swift in Sources */,
				CADE3E2C29FFD4BE003FC992 /* WorkoutViewModel.swift in Sources */,
				CAF58EFE2A100F7000B540BB /* NavigationLinkLazyView.swift in Sources */,
				CAF581252A0A22D20077531C /* RequestManagerType.swift in Sources */,
				CAF58F002A11659C00B540BB /* PageModel.swift in Sources */,
				CAF581232A0A1E260077531C /* EndPoint.swift in Sources */,
				CADE3E2129FC369E003FC992 /* CreateExerciseView.swift in Sources */,
				CA2D1CC929EE8A7A00F7070D /* WorkoutTrackerApp.swift in Sources */,
				CA2D1CDE29EE999A00F7070D /* StatisticsView.swift in Sources */,
				CAD8CEF129F7D00D0015DBFC /* LogWorkoutViewModel.swift in Sources */,
				CA2D1CE429EF042800F7070D /* SettingViewModel.swift in Sources */,
				CA2D1CDA29EE8E9B00F7070D /* WorkoutView.swift in Sources */,
				CADE3E412A013A41003FC992 /* ExerciseStatsViewModel.swift in Sources */,
				CADE3E2829FF9C87003FC992 /* CacheManager.swift in Sources */,
				CAF581272A0D1E4B0077531C /* AboutViewModel.swift in Sources */,
				CADE3E1D29FAA7D6003FC992 /* AddExerciseViewModel.swift in Sources */,
				CA2D1CCD29EE8A7A00F7070D /* MainView.swift in Sources */,
				CA2D1CE029EE9B0800F7070D /* AboutView.swift in Sources */,
				CAD8CEF329F9450C0015DBFC /* AddExerciseView.swift in Sources */,
				CA2D1CDC29EE90E200F7070D /* LogWorkoutView.swift in Sources */,
				CADE3E3F2A00FE98003FC992 /* ExerciseStatsView.swift in Sources */,
				CAF581162A0A1A820077531C /* RequestManager.swift in Sources */,
				CA2D1CE629EF052D00F7070D /* SettingModel.swift in Sources */,
				CADE3E3D2A00FC28003FC992 /* StatisticsViewModel.swift in Sources */,
			);
			runOnlyForDeploymentPostprocessing = 0;
		};
/* End PBXSourcesBuildPhase section */

/* Begin XCBuildConfiguration section */
		CA2D1CD429EE8A7C00F7070D /* Debug */ = {
			isa = XCBuildConfiguration;
			buildSettings = {
				ALWAYS_SEARCH_USER_PATHS = NO;
				CLANG_ANALYZER_NONNULL = YES;
				CLANG_ANALYZER_NUMBER_OBJECT_CONVERSION = YES_AGGRESSIVE;
				CLANG_CXX_LANGUAGE_STANDARD = "gnu++20";
				CLANG_ENABLE_MODULES = YES;
				CLANG_ENABLE_OBJC_ARC = YES;
				CLANG_ENABLE_OBJC_WEAK = YES;
				CLANG_WARN_BLOCK_CAPTURE_AUTORELEASING = YES;
				CLANG_WARN_BOOL_CONVERSION = YES;
				CLANG_WARN_COMMA = YES;
				CLANG_WARN_CONSTANT_CONVERSION = YES;
				CLANG_WARN_DEPRECATED_OBJC_IMPLEMENTATIONS = YES;
				CLANG_WARN_DIRECT_OBJC_ISA_USAGE = YES_ERROR;
				CLANG_WARN_DOCUMENTATION_COMMENTS = YES;
				CLANG_WARN_EMPTY_BODY = YES;
				CLANG_WARN_ENUM_CONVERSION = YES;
				CLANG_WARN_INFINITE_RECURSION = YES;
				CLANG_WARN_INT_CONVERSION = YES;
				CLANG_WARN_NON_LITERAL_NULL_CONVERSION = YES;
				CLANG_WARN_OBJC_IMPLICIT_RETAIN_SELF = YES;
				CLANG_WARN_OBJC_LITERAL_CONVERSION = YES;
				CLANG_WARN_OBJC_ROOT_CLASS = YES_ERROR;
				CLANG_WARN_QUOTED_INCLUDE_IN_FRAMEWORK_HEADER = YES;
				CLANG_WARN_RANGE_LOOP_ANALYSIS = YES;
				CLANG_WARN_STRICT_PROTOTYPES = YES;
				CLANG_WARN_SUSPICIOUS_MOVE = YES;
				CLANG_WARN_UNGUARDED_AVAILABILITY = YES_AGGRESSIVE;
				CLANG_WARN_UNREACHABLE_CODE = YES;
				CLANG_WARN__DUPLICATE_METHOD_MATCH = YES;
				COPY_PHASE_STRIP = NO;
				DEBUG_INFORMATION_FORMAT = dwarf;
				ENABLE_STRICT_OBJC_MSGSEND = YES;
				ENABLE_TESTABILITY = YES;
				GCC_C_LANGUAGE_STANDARD = gnu11;
				GCC_DYNAMIC_NO_PIC = NO;
				GCC_NO_COMMON_BLOCKS = YES;
				GCC_OPTIMIZATION_LEVEL = 0;
				GCC_PREPROCESSOR_DEFINITIONS = (
					"DEBUG=1",
					"$(inherited)",
				);
				GCC_WARN_64_TO_32_BIT_CONVERSION = YES;
				GCC_WARN_ABOUT_RETURN_TYPE = YES_ERROR;
				GCC_WARN_UNDECLARED_SELECTOR = YES;
				GCC_WARN_UNINITIALIZED_AUTOS = YES_AGGRESSIVE;
				GCC_WARN_UNUSED_FUNCTION = YES;
				GCC_WARN_UNUSED_VARIABLE = YES;
				IPHONEOS_DEPLOYMENT_TARGET = 15.0;
				MTL_ENABLE_DEBUG_INFO = INCLUDE_SOURCE;
				MTL_FAST_MATH = YES;
				ONLY_ACTIVE_ARCH = YES;
				SDKROOT = iphoneos;
				SWIFT_ACTIVE_COMPILATION_CONDITIONS = DEBUG;
				SWIFT_OPTIMIZATION_LEVEL = "-Onone";
			};
			name = Debug;
		};
		CA2D1CD529EE8A7C00F7070D /* Release */ = {
			isa = XCBuildConfiguration;
			buildSettings = {
				ALWAYS_SEARCH_USER_PATHS = NO;
				CLANG_ANALYZER_NONNULL = YES;
				CLANG_ANALYZER_NUMBER_OBJECT_CONVERSION = YES_AGGRESSIVE;
				CLANG_CXX_LANGUAGE_STANDARD = "gnu++20";
				CLANG_ENABLE_MODULES = YES;
				CLANG_ENABLE_OBJC_ARC = YES;
				CLANG_ENABLE_OBJC_WEAK = YES;
				CLANG_WARN_BLOCK_CAPTURE_AUTORELEASING = YES;
				CLANG_WARN_BOOL_CONVERSION = YES;
				CLANG_WARN_COMMA = YES;
				CLANG_WARN_CONSTANT_CONVERSION = YES;
				CLANG_WARN_DEPRECATED_OBJC_IMPLEMENTATIONS = YES;
				CLANG_WARN_DIRECT_OBJC_ISA_USAGE = YES_ERROR;
				CLANG_WARN_DOCUMENTATION_COMMENTS = YES;
				CLANG_WARN_EMPTY_BODY = YES;
				CLANG_WARN_ENUM_CONVERSION = YES;
				CLANG_WARN_INFINITE_RECURSION = YES;
				CLANG_WARN_INT_CONVERSION = YES;
				CLANG_WARN_NON_LITERAL_NULL_CONVERSION = YES;
				CLANG_WARN_OBJC_IMPLICIT_RETAIN_SELF = YES;
				CLANG_WARN_OBJC_LITERAL_CONVERSION = YES;
				CLANG_WARN_OBJC_ROOT_CLASS = YES_ERROR;
				CLANG_WARN_QUOTED_INCLUDE_IN_FRAMEWORK_HEADER = YES;
				CLANG_WARN_RANGE_LOOP_ANALYSIS = YES;
				CLANG_WARN_STRICT_PROTOTYPES = YES;
				CLANG_WARN_SUSPICIOUS_MOVE = YES;
				CLANG_WARN_UNGUARDED_AVAILABILITY = YES_AGGRESSIVE;
				CLANG_WARN_UNREACHABLE_CODE = YES;
				CLANG_WARN__DUPLICATE_METHOD_MATCH = YES;
				COPY_PHASE_STRIP = NO;
				DEBUG_INFORMATION_FORMAT = "dwarf-with-dsym";
				ENABLE_NS_ASSERTIONS = NO;
				ENABLE_STRICT_OBJC_MSGSEND = YES;
				GCC_C_LANGUAGE_STANDARD = gnu11;
				GCC_NO_COMMON_BLOCKS = YES;
				GCC_WARN_64_TO_32_BIT_CONVERSION = YES;
				GCC_WARN_ABOUT_RETURN_TYPE = YES_ERROR;
				GCC_WARN_UNDECLARED_SELECTOR = YES;
				GCC_WARN_UNINITIALIZED_AUTOS = YES_AGGRESSIVE;
				GCC_WARN_UNUSED_FUNCTION = YES;
				GCC_WARN_UNUSED_VARIABLE = YES;
				IPHONEOS_DEPLOYMENT_TARGET = 15.0;
				MTL_ENABLE_DEBUG_INFO = NO;
				MTL_FAST_MATH = YES;
				SDKROOT = iphoneos;
				SWIFT_COMPILATION_MODE = wholemodule;
				SWIFT_OPTIMIZATION_LEVEL = "-O";
				VALIDATE_PRODUCT = YES;
			};
			name = Release;
		};
		CA2D1CD729EE8A7C00F7070D /* Debug */ = {
			isa = XCBuildConfiguration;
			buildSettings = {
				ASSETCATALOG_COMPILER_APPICON_NAME = AppIcon;
				ASSETCATALOG_COMPILER_GLOBAL_ACCENT_COLOR_NAME = AccentColor;
				CODE_SIGN_STYLE = Automatic;
				CURRENT_PROJECT_VERSION = 1;
				DEVELOPMENT_ASSET_PATHS = "\"WorkoutTracker/Preview Content\"";
				DEVELOPMENT_TEAM = K4UP28AX3Y;
				ENABLE_PREVIEWS = YES;
				GENERATE_INFOPLIST_FILE = YES;
				INFOPLIST_FILE = WorkoutTracker/Info.plist;
				INFOPLIST_KEY_UIApplicationSceneManifest_Generation = YES;
				INFOPLIST_KEY_UIApplicationSupportsIndirectInputEvents = YES;
				INFOPLIST_KEY_UILaunchScreen_Generation = YES;
				INFOPLIST_KEY_UISupportedInterfaceOrientations_iPad = "UIInterfaceOrientationPortrait UIInterfaceOrientationPortraitUpsideDown UIInterfaceOrientationLandscapeLeft UIInterfaceOrientationLandscapeRight";
				INFOPLIST_KEY_UISupportedInterfaceOrientations_iPhone = "UIInterfaceOrientationPortrait UIInterfaceOrientationLandscapeLeft UIInterfaceOrientationLandscapeRight";
				INFOPLIST_KEY_UISupportsDocumentBrowser = YES;
				IPHONEOS_DEPLOYMENT_TARGET = 15.0;
				LD_RUNPATH_SEARCH_PATHS = (
					"$(inherited)",
					"@executable_path/Frameworks",
				);
				MARKETING_VERSION = 1.0;
				PRODUCT_BUNDLE_IDENTIFIER = sk.victoria.galikova.WorkoutTracker;
				PRODUCT_NAME = "$(TARGET_NAME)";
				SWIFT_EMIT_LOC_STRINGS = YES;
				SWIFT_VERSION = 5.0;
				TARGETED_DEVICE_FAMILY = "1,2";
			};
			name = Debug;
		};
		CA2D1CD829EE8A7C00F7070D /* Release */ = {
			isa = XCBuildConfiguration;
			buildSettings = {
				ASSETCATALOG_COMPILER_APPICON_NAME = AppIcon;
				ASSETCATALOG_COMPILER_GLOBAL_ACCENT_COLOR_NAME = AccentColor;
				CODE_SIGN_STYLE = Automatic;
				CURRENT_PROJECT_VERSION = 1;
				DEVELOPMENT_ASSET_PATHS = "\"WorkoutTracker/Preview Content\"";
				DEVELOPMENT_TEAM = K4UP28AX3Y;
				ENABLE_PREVIEWS = YES;
				GENERATE_INFOPLIST_FILE = YES;
				INFOPLIST_FILE = WorkoutTracker/Info.plist;
				INFOPLIST_KEY_UIApplicationSceneManifest_Generation = YES;
				INFOPLIST_KEY_UIApplicationSupportsIndirectInputEvents = YES;
				INFOPLIST_KEY_UILaunchScreen_Generation = YES;
				INFOPLIST_KEY_UISupportedInterfaceOrientations_iPad = "UIInterfaceOrientationPortrait UIInterfaceOrientationPortraitUpsideDown UIInterfaceOrientationLandscapeLeft UIInterfaceOrientationLandscapeRight";
				INFOPLIST_KEY_UISupportedInterfaceOrientations_iPhone = "UIInterfaceOrientationPortrait UIInterfaceOrientationLandscapeLeft UIInterfaceOrientationLandscapeRight";
				INFOPLIST_KEY_UISupportsDocumentBrowser = YES;
				IPHONEOS_DEPLOYMENT_TARGET = 15.0;
				LD_RUNPATH_SEARCH_PATHS = (
					"$(inherited)",
					"@executable_path/Frameworks",
				);
				MARKETING_VERSION = 1.0;
				PRODUCT_BUNDLE_IDENTIFIER = sk.victoria.galikova.WorkoutTracker;
				PRODUCT_NAME = "$(TARGET_NAME)";
				SWIFT_EMIT_LOC_STRINGS = YES;
				SWIFT_VERSION = 5.0;
				TARGETED_DEVICE_FAMILY = "1,2";
			};
			name = Release;
		};
/* End XCBuildConfiguration section */

/* Begin XCConfigurationList section */
		CA2D1CC029EE8A7A00F7070D /* Build configuration list for PBXProject "WorkoutTracker" */ = {
			isa = XCConfigurationList;
			buildConfigurations = (
				CA2D1CD429EE8A7C00F7070D /* Debug */,
				CA2D1CD529EE8A7C00F7070D /* Release */,
			);
			defaultConfigurationIsVisible = 0;
			defaultConfigurationName = Release;
		};
		CA2D1CD629EE8A7C00F7070D /* Build configuration list for PBXNativeTarget "WorkoutTracker" */ = {
			isa = XCConfigurationList;
			buildConfigurations = (
				CA2D1CD729EE8A7C00F7070D /* Debug */,
				CA2D1CD829EE8A7C00F7070D /* Release */,
			);
			defaultConfigurationIsVisible = 0;
			defaultConfigurationName = Release;
		};
/* End XCConfigurationList section */

/* Begin XCRemoteSwiftPackageReference section */
		CA73E5A62A0D3529002E8513 /* XCRemoteSwiftPackageReference "GoodIOSExtensions" */ = {
			isa = XCRemoteSwiftPackageReference;
			repositoryURL = "https://github.com/GoodRequest/GoodIOSExtensions";
			requirement = {
				kind = upToNextMajorVersion;
				minimumVersion = 0.5.4;
			};
		};
		CADE3E2429FEDB32003FC992 /* XCRemoteSwiftPackageReference "GoodPersistence" */ = {
			isa = XCRemoteSwiftPackageReference;
			repositoryURL = "https://github.com/GoodRequest/GoodPersistence";
			requirement = {
				kind = upToNextMajorVersion;
				minimumVersion = 1.0.0;
			};
		};
		CADE3E482A018429003FC992 /* XCRemoteSwiftPackageReference "ChartView" */ = {
			isa = XCRemoteSwiftPackageReference;
			repositoryURL = "https://github.com/AppPear/ChartView.git";
			requirement = {
				kind = upToNextMajorVersion;
				minimumVersion = 1.0.0;
			};
		};
		CAF581172A0A1BF80077531C /* XCRemoteSwiftPackageReference "AlamofireImage" */ = {
			isa = XCRemoteSwiftPackageReference;
			repositoryURL = "https://github.com/Alamofire/AlamofireImage.git";
			requirement = {
				kind = upToNextMajorVersion;
				minimumVersion = 4.0.0;
			};
		};
/* End XCRemoteSwiftPackageReference section */

/* Begin XCSwiftPackageProductDependency section */
		CA73E5A72A0D3529002E8513 /* GoodCache */ = {
			isa = XCSwiftPackageProductDependency;
			package = CA73E5A62A0D3529002E8513 /* XCRemoteSwiftPackageReference "GoodIOSExtensions" */;
			productName = GoodCache;
		};
		CA73E5A92A0D3529002E8513 /* GoodCombineExtensions */ = {
			isa = XCSwiftPackageProductDependency;
			package = CA73E5A62A0D3529002E8513 /* XCRemoteSwiftPackageReference "GoodIOSExtensions" */;
			productName = GoodCombineExtensions;
		};
		CA73E5AB2A0D3529002E8513 /* GoodExtensions */ = {
			isa = XCSwiftPackageProductDependency;
			package = CA73E5A62A0D3529002E8513 /* XCRemoteSwiftPackageReference "GoodIOSExtensions" */;
			productName = GoodExtensions;
		};
		CA73E5AD2A0D3529002E8513 /* GoodReactor */ = {
			isa = XCSwiftPackageProductDependency;
			package = CA73E5A62A0D3529002E8513 /* XCRemoteSwiftPackageReference "GoodIOSExtensions" */;
			productName = GoodReactor;
		};
		CA73E5AF2A0D3529002E8513 /* GoodRequestManager */ = {
			isa = XCSwiftPackageProductDependency;
			package = CA73E5A62A0D3529002E8513 /* XCRemoteSwiftPackageReference "GoodIOSExtensions" */;
			productName = GoodRequestManager;
		};
		CA73E5B12A0D3529002E8513 /* GoodStructs */ = {
			isa = XCSwiftPackageProductDependency;
			package = CA73E5A62A0D3529002E8513 /* XCRemoteSwiftPackageReference "GoodIOSExtensions" */;
			productName = GoodStructs;
		};
		CA73E5B32A0D3529002E8513 /* Mockable */ = {
			isa = XCSwiftPackageProductDependency;
			package = CA73E5A62A0D3529002E8513 /* XCRemoteSwiftPackageReference "GoodIOSExtensions" */;
			productName = Mockable;
		};
		CADE3E2529FEDB32003FC992 /* GoodPersistence */ = {
			isa = XCSwiftPackageProductDependency;
			package = CADE3E2429FEDB32003FC992 /* XCRemoteSwiftPackageReference "GoodPersistence" */;
			productName = GoodPersistence;
		};
		CADE3E492A018429003FC992 /* SwiftUICharts */ = {
			isa = XCSwiftPackageProductDependency;
			package = CADE3E482A018429003FC992 /* XCRemoteSwiftPackageReference "ChartView" */;
			productName = SwiftUICharts;
		};
		CAF581182A0A1BF80077531C /* AlamofireImage */ = {
			isa = XCSwiftPackageProductDependency;
			package = CAF581172A0A1BF80077531C /* XCRemoteSwiftPackageReference "AlamofireImage" */;
			productName = AlamofireImage;
		};
/* End XCSwiftPackageProductDependency section */
	};
	rootObject = CA2D1CBD29EE8A7A00F7070D /* Project object */;
}
