{
  "pins" : [
    {
      "identity" : "alamofire",
      "kind" : "remoteSourceControl",
      "location" : "https://github.com/Alamofire/Alamofire.git",
      "state" : {
        "revision" : "78424be314842833c04bc3bef5b72e85fff99204",
        "version" : "5.6.4"
      }
    },
    {
      "identity" : "alamofireimage",
      "kind" : "remoteSourceControl",
      "location" : "https://github.com/Alamofire/AlamofireImage.git",
      "state" : {
        "revision" : "98cbb00ce0ec5fc8e52a5b50a6bfc08d3e5aee10",
        "version" : "4.2.0"
      }
    },
    {
      "identity" : "chartview",
      "kind" : "remoteSourceControl",
      "location" : "https://github.com/AppPear/ChartView.git",
      "state" : {
        "revision" : "9115a992c91fa19cbb4f2241084240d38654a1fc",
        "version" : "1.5.5"
      }
    },
    {
      "identity" : "combineext",
      "kind" : "remoteSourceControl",
      "location" : "https://github.com/CombineCommunity/CombineExt.git",
      "state" : {
        "revision" : "d7b896fa9ca8b47fa7bcde6b43ef9b70bf8c1f56",
        "version" : "1.8.1"
      }
    },
    {
      "identity" : "goodiosextensions",
      "kind" : "remoteSourceControl",
      "location" : "https://github.com/GoodRequest/GoodIOSExtensions",
      "state" : {
        "revision" : "af722faffbd718bfc29af8d854094f20581aef8d",
        "version" : "0.5.4"
      }
    },
    {
      "identity" : "goodpersistence",
      "kind" : "remoteSourceControl",
      "location" : "https://github.com/GoodRequest/GoodPersistence",
      "state" : {
        "revision" : "780e03a1e21948b114d7af3bc0cfe0d8aecae4c0",
        "version" : "1.0.2"
      }
    }
  ],
  "version" : 2
}
