{
  "pins" : [
    {
      "identity" : "combineext",
      "kind" : "remoteSourceControl",
      "location" : "https://github.com/CombineCommunity/CombineExt.git",
      "state" : {
        "revision" : "d7b896fa9ca8b47fa7bcde6b43ef9b70bf8c1f56",
        "version" : "1.8.1"
      }
    },
    {
      "identity" : "goodpersistence",
      "kind" : "remoteSourceControl",
      "location" : "https://github.com/GoodRequest/GoodPersistence",
      "state" : {
        "revision" : "780e03a1e21948b114d7af3bc0cfe0d8aecae4c0",
        "version" : "1.0.2"
      }
    },
    {
      "identity" : "realm-core",
      "kind" : "remoteSourceControl",
      "location" : "https://github.com/realm/realm-core.git",
      "state" : {
        "revision" : "e56380f05793998dfea0d87a34b68fdba475961c",
        "version" : "13.9.0"
      }
    },
    {
      "identity" : "realm-swift",
      "kind" : "remoteSourceControl",
      "location" : "https://github.com/realm/realm-swift.git",
      "state" : {
        "branch" : "master",
        "revision" : "4386694d71b6b812b2be5f3f8295d38f5bc70465"
      }
    }
  ],
  "version" : 2
}
